
Microsoft Visual Studio Solution File, Format Version 12.00
# Visual Studio Version 17
VisualStudioVersion = 17.1.32210.238
MinimumVisualStudioVersion = 10.0.40219.1
Project("{FAE04EC0-301F-11D3-BF4B-00C04F79EFBC}") = "biharcoderwebAPI", "biharcoderwebAPI\biharcoderwebAPI.csproj", "{6D150384-5C83-4E96-A267-7C2FA7F1A353}"
EndProject
Global
	GlobalSection(SolutionConfigurationPlatforms) = preSolution
		Debug|Any CPU = Debug|Any CPU
		Release|Any CPU = Release|Any CPU
	EndGlobalSection
	GlobalSection(ProjectConfigurationPlatforms) = postSolution
		{6D150384-5C83-4E96-A267-7C2FA7F1A353}.Debug|Any CPU.ActiveCfg = Debug|Any CPU
		{6D150384-5C83-4E96-A267-7C2FA7F1A353}.Debug|Any CPU.Build.0 = Debug|Any CPU
		{6D150384-5C83-4E96-A267-7C2FA7F1A353}.Release|Any CPU.ActiveCfg = Release|Any CPU
		{6D150384-5C83-4E96-A267-7C2FA7F1A353}.Release|Any CPU.Build.0 = Release|Any CPU
	EndGlobalSection
	GlobalSection(SolutionProperties) = preSolution
		HideSolutionNode = FALSE
	EndGlobalSection
	GlobalSection(ExtensibilityGlobals) = postSolution
		SolutionGuid = {7D38285F-FF62-4AFB-8967-959EE32D24E9}
	EndGlobalSection
EndGlobal
